# This file is automatically @generated by Cargo.
# It is not intended for manual editing.
version = 3

[[package]]
name = "foxlisp-rust"
version = "0.1.0"
dependencies = [
 "typed-index-collections",
]

[[package]]
name = "typed-index-collections"
version = "3.1.0"
source = "registry+https://github.com/rust-lang/crates.io-index"
checksum = "183496e014253d15abbe6235677b1392dba2d40524c88938991226baa38ac7c4"
